{
  "version": 4,
  "terraform_version": "1.13.4",
  "serial": 72,
  "lineage": "019df4c2-cd9c-9560-a510-3b0b4990730f",
  "outputs": {},
  "resources": [
    {
      "mode": "managed",
      "type": "local_file",
      "name": "ansible_inventory",
      "provider": "provider[\"registry.terraform.io/hashicorp/local\"]",
      "instances": [
        {
          "schema_version": 0,
          "attributes": {
            "content": "\"all\":\n  \"children\":\n    \"k3s_servers\":\n      \"hosts\":\n        \"k3s-dev-01\": {}\n  \"hosts\":\n    \"k3s-dev-01\":\n      \"ansible_host\": \"46.225.138.222\"\n      \"ansible_ssh_private_key_file\": \"~/.ssh/hetzner_cloud\"\n      \"ansible_user\": \"deploy\"\n      \"ipv4_address\": \"46.225.138.222\"\n      \"ipv6_address\": \"2a01:4f8:c2c:892a::1\"\n      \"ipv6_network\": \"2a01:4f8:c2c:892a::/64\"\n      \"minio_volume_id\": \"104659000\"\n      \"mongodb_volume_id\": \"104659001\"\n      \"server_id\": \"120832636\"\n",
            "content_base64": null,
            "content_base64sha256": "Rk8omQY0lwnkULnOK6gkv0OrE6OhP58RlSwhkUFHw1I=",
            "content_base64sha512": "+iS+03rdVjfsWUlHDb3q6clz35yRswKrcgyMXkP6B/onHrZzfX3VYzB2+tCsrma1NpqTYJqe52v5W9p99DvyzQ==",
            "content_md5": "994ce9210ada6fd6f2be345aae3a0cc4",
            "content_sha1": "ef840edaceaf41a1c5e59c1d1346e06b9d161370",
            "content_sha256": "464f289906349709e450b9ce2ba824bf43ab13a3a13f9f11952c21914147c352",
            "content_sha512": "fa24bed37add5637ec5949470dbdeae9c973df9c91b302ab720c8c5e43fa07fa271eb6737d7dd5633076fad0acae66b5369a93609a9ee76bf95bda7df43bf2cd",
            "directory_permission": "0777",
            "file_permission": "0644",
            "filename": "./../../../ansible/inventories/dev/hosts.yml",
            "id": "ef840edaceaf41a1c5e59c1d1346e06b9d161370",
            "sensitive_content": null,
            "source": null
          },
          "sensitive_attributes": [
            [
              {
                "type": "get_attr",
                "value": "sensitive_content"
              }
            ]
          ],
          "identity_schema_version": 0,
          "dependencies": [
            "module.compute.hcloud_server.k3s_node",
            "module.compute.hcloud_ssh_key.default",
            "module.network.hcloud_firewall.k3s",
            "module.network.hcloud_network.private",
            "module.network.hcloud_network_subnet.k3s",
            "module.storage.hcloud_volume.minio",
            "module.storage.hcloud_volume.mongodb"
          ]
        }
      ]
    },
    {
      "module": "module.compute",
      "mode": "managed",
      "type": "hcloud_server",
      "name": "k3s_node",
      "provider": "provider[\"registry.terraform.io/hetznercloud/hcloud\"]",
      "instances": [
        {
          "schema_version": 0,
          "attributes": {
            "allow_deprecated_images": false,
            "backup_window": "",
            "backups": false,
            "datacenter": "nbg1-dc3",
            "delete_protection": false,
            "firewall_ids": [
              10524250
            ],
            "id": "120832636",
            "ignore_remote_firewall_ids": false,
            "image": "ubuntu-24.04",
            "ipv4_address": "46.225.138.222",
            "ipv6_address": "2a01:4f8:c2c:892a::1",
            "ipv6_network": "2a01:4f8:c2c:892a::/64",
            "iso": null,
            "keep_disk": false,
            "labels": {
              "environment": "dev",
              "managed_by": "terraform",
              "project": "myapp",
              "role": "k3s-server"
            },
            "location": "nbg1",
            "name": "k3s-dev-01",
            "network": [],
            "placement_group_id": 0,
            "primary_disk_size": 80,
            "public_net": [
              {
                "ipv4": 0,
                "ipv4_enabled": true,
                "ipv6": 0,
                "ipv6_enabled": true
              }
            ],
            "rebuild_protection": false,
            "rescue": null,
            "server_type": "cx33",
            "shutdown_before_deletion": false,
            "ssh_keys": [
              "107256031"
            ],
            "status": "running",
            "timeouts": null,
            "user_data": "V2EOXdeTwMNhPuIquZdZCEsK9pU="
          },
          "sensitive_attributes": [
            [
              {
                "type": "get_attr",
                "value": "user_data"
              }
            ]
          ],
          "identity_schema_version": 0,
          "private": "eyJlMmJmYjczMC1lY2FhLTExZTYtOGY4OC0zNDM2M2JjN2M0YzAiOnsiY3JlYXRlIjo1NDAwMDAwMDAwMDAwfX0=",
          "dependencies": [
            "module.compute.hcloud_ssh_key.default",
            "module.network.hcloud_firewall.k3s",
            "module.network.hcloud_network.private",
            "module.network.hcloud_network_subnet.k3s"
          ]
        }
      ]
    },
    {
      "module": "module.compute",
      "mode": "managed",
      "type": "hcloud_ssh_key",
      "name": "default",
      "provider": "provider[\"registry.terraform.io/hetznercloud/hcloud\"]",
      "instances": [
        {
          "schema_version": 0,
          "attributes": {
            "fingerprint": "38:7d:2f:e8:be:9b:ae:44:18:97:8c:87:8a:8d:a4:93",
            "id": "108645203",
            "labels": {},
            "name": "dev-deploy-key",
            "public_key": "ssh-rsa AAAAB3NzaC1yc2EAAAADAQABAAACAQC0FvxoWy0bcKU1i/rYHSx+EhN4ZwsJEn5iGL6B0ObLVIum/hsOl1J87Bte8W5oc3FrBodLeXSifKPbpjhk1V4I5gy2BUaRFbgGL6kMx5fEMShcvq+nCMMamGBddYI7Ql2AfS35LpHLuMzvmDkA5J5+rROkkxjUa8Va0YYChOT8iuvCsijYfrsnS6bqpmwcQQ/1w7CqX4Q5+Y7gbx6D94zmfkYKqgdvLWIdeEu+3LZ+HnjcQGVVXRAUwM4Wx54E0NuiZeqJ0pSGslpYMsq0aLw8P9EUylzkTf2QXU1qw1lsTaC48Jcsl1nbl1Ocyg3o4TLSRFATAw00ysy0ydEZhBFogJuXyU+nQeNjoiLqv3a9H7w1OeNygogHQtpO1orC414eFuK73kmzHxUndf7k7Rhm/Xwkbaemq1kJCyP3UU1hkikvl03FvvJQz/4zfsXYCwbsq1YURTamhC6vMpX1RSdz34PUTNbs4bvCpx7NXU2bLvr7rAJzj77WPsXA/CdDOGxGHvLgKZ+PyKLuG6EWcwbVrMrPFTTvXIWzWq9t0Bowlj1xYBu9CayQawZIRtlFfT9TO6NJDmkA/ZK88RBWfN/v4dhO9WUuGRzX8mqI27Vs/HQQ7vRWqkDr1eeetjWFcMX0je41w5acb71ev1eAd6+vtGRpL657selqiktdHF2Mqw== mohamedjarray@MacBook-Pro-de-Mohamed.local"
          },
          "sensitive_attributes": [
            [
              {
                "type": "get_attr",
                "value": "public_key"
              }
            ]
          ],
          "identity_schema_version": 0,
          "dependencies": [
            "module.network.hcloud_firewall.k3s",
            "module.network.hcloud_network.private",
            "module.network.hcloud_network_subnet.k3s"
          ]
        }
      ]
    },
    {
      "module": "module.network",
      "mode": "managed",
      "type": "hcloud_firewall",
      "name": "k3s",
      "provider": "provider[\"registry.terraform.io/hetznercloud/hcloud\"]",
      "instances": [
        {
          "schema_version": 0,
          "attributes": {
            "apply_to": [
              {
                "label_selector": "",
                "server": 120832636
              }
            ],
            "id": "10524250",
            "labels": {
              "environment": "dev",
              "managed_by": "terraform"
            },
            "name": "k3s-dev-fw",
            "rule": [
              {
                "description": "HTTP",
                "destination_ips": [],
                "direction": "in",
                "port": "80",
                "protocol": "tcp",
                "source_ips": [
                  "0.0.0.0/0",
                  "::/0"
                ]
              },
              {
                "description": "HTTPS",
                "destination_ips": [],
                "direction": "in",
                "port": "443",
                "protocol": "tcp",
                "source_ips": [
                  "0.0.0.0/0",
                  "::/0"
                ]
              },
              {
                "description": "K3s API Server admin IPv4",
                "destination_ips": [],
                "direction": "in",
                "port": "6443",
                "protocol": "tcp",
                "source_ips": [
                  "172.32.64.151/32"
                ]
              },
              {
                "description": "Ping",
                "destination_ips": [],
                "direction": "in",
                "port": null,
                "protocol": "icmp",
                "source_ips": [
                  "0.0.0.0/0",
                  "::/0"
                ]
              },
              {
                "description": "SSH admin IPv4",
                "destination_ips": [],
                "direction": "in",
                "port": "22",
                "protocol": "tcp",
                "source_ips": [
                  "172.32.64.151/32"
                ]
              }
            ]
          },
          "sensitive_attributes": [],
          "identity_schema_version": 0,
          "private": "bnVsbA=="
        }
      ]
    },
    {
      "module": "module.storage",
      "mode": "managed",
      "type": "hcloud_volume",
      "name": "minio",
      "provider": "provider[\"registry.terraform.io/hetznercloud/hcloud\"]",
      "instances": [
        {
          "schema_version": 0,
          "attributes": {
            "automount": null,
            "delete_protection": false,
            "format": "ext4",
            "id": "104659000",
            "labels": {
              "environment": "dev",
              "managed_by": "terraform",
              "service": "minio"
            },
            "linux_device": "/dev/disk/by-id/scsi-0HC_Volume_104659000",
            "location": "nbg1",
            "name": "k3s-dev-minio",
            "server_id": 120832636,
            "size": 20
          },
          "sensitive_attributes": [],
          "identity_schema_version": 0,
          "private": "bnVsbA==",
          "dependencies": [
            "module.compute.hcloud_server.k3s_node",
            "module.compute.hcloud_ssh_key.default",
            "module.network.hcloud_firewall.k3s",
            "module.network.hcloud_network.private",
            "module.network.hcloud_network_subnet.k3s"
          ]
        }
      ]
    },
    {
      "module": "module.storage",
      "mode": "managed",
      "type": "hcloud_volume",
      "name": "mongodb",
      "provider": "provider[\"registry.terraform.io/hetznercloud/hcloud\"]",
      "instances": [
        {
          "schema_version": 0,
          "attributes": {
            "automount": null,
            "delete_protection": false,
            "format": "ext4",
            "id": "104659001",
            "labels": {
              "environment": "dev",
              "managed_by": "terraform",
              "service": "mongodb"
            },
            "linux_device": "/dev/disk/by-id/scsi-0HC_Volume_104659001",
            "location": "nbg1",
            "name": "k3s-dev-mongodb",
            "server_id": 120832636,
            "size": 10
          },
          "sensitive_attributes": [],
          "identity_schema_version": 0,
          "private": "bnVsbA==",
          "dependencies": [
            "module.compute.hcloud_server.k3s_node",
            "module.compute.hcloud_ssh_key.default",
            "module.network.hcloud_firewall.k3s",
            "module.network.hcloud_network.private",
            "module.network.hcloud_network_subnet.k3s"
          ]
        }
      ]
    },
    {
      "module": "module.storage",
      "mode": "managed",
      "type": "hcloud_volume_attachment",
      "name": "minio",
      "provider": "provider[\"registry.terraform.io/hetznercloud/hcloud\"]",
      "instances": [
        {
          "schema_version": 0,
          "attributes": {
            "automount": false,
            "id": "104659000",
            "server_id": 120832636,
            "volume_id": 104659000
          },
          "sensitive_attributes": [],
          "identity_schema_version": 0,
          "private": "bnVsbA==",
          "dependencies": [
            "module.compute.hcloud_server.k3s_node",
            "module.compute.hcloud_ssh_key.default",
            "module.network.hcloud_firewall.k3s",
            "module.network.hcloud_network.private",
            "module.network.hcloud_network_subnet.k3s",
            "module.storage.hcloud_volume.minio"
          ]
        }
      ]
    },
    {
      "module": "module.storage",
      "mode": "managed",
      "type": "hcloud_volume_attachment",
      "name": "mongodb",
      "provider": "provider[\"registry.terraform.io/hetznercloud/hcloud\"]",
      "instances": [
        {
          "schema_version": 0,
          "attributes": {
            "automount": false,
            "id": "104659001",
            "server_id": 120832636,
            "volume_id": 104659001
          },
          "sensitive_attributes": [],
          "identity_schema_version": 0,
          "private": "bnVsbA==",
          "dependencies": [
            "module.compute.hcloud_server.k3s_node",
            "module.compute.hcloud_ssh_key.default",
            "module.network.hcloud_firewall.k3s",
            "module.network.hcloud_network.private",
            "module.network.hcloud_network_subnet.k3s",
            "module.storage.hcloud_volume.mongodb"
          ]
        }
      ]
    }
  ],
  "check_results": [
    {
      "object_kind": "var",
      "config_addr": "var.environment",
      "status": "pass",
      "objects": [
        {
          "object_addr": "var.environment",
          "status": "pass"
        }
      ]
    },
    {
      "object_kind": "var",
      "config_addr": "var.mongodb_volume_size",
      "status": "pass",
      "objects": [
        {
          "object_addr": "var.mongodb_volume_size",
          "status": "pass"
        }
      ]
    },
    {
      "object_kind": "var",
      "config_addr": "var.minio_volume_size",
      "status": "pass",
      "objects": [
        {
          "object_addr": "var.minio_volume_size",
          "status": "pass"
        }
      ]
    },
    {
      "object_kind": "var",
      "config_addr": "module.compute.var.environment",
      "status": "pass",
      "objects": [
        {
          "object_addr": "module.compute.var.environment",
          "status": "pass"
        }
      ]
    }
  ]
}
